// !$*UTF8*$!
{
	archiveVersion = 1;
	classes = {
	};
	objectVersion = 50;
	objects = {

/* Begin PBXBuildFile section */
		6D57418424D00CBC0032D5CC /* AppDelegate.swift in Sources */ = {isa = PBXBuildFile; fileRef = 6D57418324D00CBC0032D5CC /* AppDelegate.swift */; };
		6D57418824D00CBC0032D5CC /* SessionViewController.swift in Sources */ = {isa = PBXBuildFile; fileRef = 6D57418724D00CBC0032D5CC /* SessionViewController.swift */; };
		6D57418B24D00CBC0032D5CC /* Main.storyboard in Resources */ = {isa = PBXBuildFile; fileRef = 6D57418924D00CBC0032D5CC /* Main.storyboard */; };
		6D57418D24D00CBE0032D5CC /* Assets.xcassets in Resources */ = {isa = PBXBuildFile; fileRef = 6D57418C24D00CBE0032D5CC /* Assets.xcassets */; };
		6D57419024D00CBE0032D5CC /* LaunchScreen.storyboard in Resources */ = {isa = PBXBuildFile; fileRef = 6D57418E24D00CBE0032D5CC /* LaunchScreen.storyboard */; };
		6D57419C24D0927B0032D5CC /* OnboardingViewController.swift in Sources */ = {isa = PBXBuildFile; fileRef = 6D57419B24D0927B0032D5CC /* OnboardingViewController.swift */; };
		6D57419E24D0B2330032D5CC /* MakeBreakControllerViewController.swift in Sources */ = {isa = PBXBuildFile; fileRef = 6D57419D24D0B2330032D5CC /* MakeBreakControllerViewController.swift */; };
		6D8F9CE424D7E0090072180E /* CactusTabBarController.swift in Sources */ = {isa = PBXBuildFile; fileRef = 6D8F9CE324D7E0090072180E /* CactusTabBarController.swift */; };
		6D8F9CE724D7E75A0072180E /* SessionsListViewController.swift in Sources */ = {isa = PBXBuildFile; fileRef = 6D8F9CE624D7E75A0072180E /* SessionsListViewController.swift */; };
		6D8F9CE924D7E8790072180E /* SessionsStorage.swift in Sources */ = {isa = PBXBuildFile; fileRef = 6D8F9CE824D7E8790072180E /* SessionsStorage.swift */; };
		6D8F9CEB24D7FA3D0072180E /* SessionsListTableViewCell.swift in Sources */ = {isa = PBXBuildFile; fileRef = 6D8F9CEA24D7FA3D0072180E /* SessionsListTableViewCell.swift */; };
		6D8F9CEE24D819310072180E /* LeadersListViewController.swift in Sources */ = {isa = PBXBuildFile; fileRef = 6D8F9CED24D819310072180E /* LeadersListViewController.swift */; };
		6D8F9CF024D81BAC0072180E /* LeadersStorage.swift in Sources */ = {isa = PBXBuildFile; fileRef = 6D8F9CEF24D81BAC0072180E /* LeadersStorage.swift */; };
		6D8F9CF324D820840072180E /* Leader.swift in Sources */ = {isa = PBXBuildFile; fileRef = 6D8F9CF224D820840072180E /* Leader.swift */; };
		6D8F9CF624D83DEB0072180E /* LeadersListTableViewCell.swift in Sources */ = {isa = PBXBuildFile; fileRef = 6D8F9CF524D83DEB0072180E /* LeadersListTableViewCell.swift */; };
		6DD8397924D1797600EC74D2 /* Session.swift in Sources */ = {isa = PBXBuildFile; fileRef = 6DD8397824D1797600EC74D2 /* Session.swift */; };
		6DD8397B24D17A1F00EC74D2 /* SessionManagerDelegate.swift in Sources */ = {isa = PBXBuildFile; fileRef = 6DD8397A24D17A1F00EC74D2 /* SessionManagerDelegate.swift */; };
		6DD8397D24D1906000EC74D2 /* CountDownTimer.swift in Sources */ = {isa = PBXBuildFile; fileRef = 6DD8397C24D1906000EC74D2 /* CountDownTimer.swift */; };
		6DD8398224D1A04300EC74D2 /* Break.swift in Sources */ = {isa = PBXBuildFile; fileRef = 6DD8398124D1A04300EC74D2 /* Break.swift */; };
		6DD8398624D1A30C00EC74D2 /* BreakManagerDelegate.swift in Sources */ = {isa = PBXBuildFile; fileRef = 6DD8398524D1A30C00EC74D2 /* BreakManagerDelegate.swift */; };
/* End PBXBuildFile section */

/* Begin PBXFileReference section */
		6D57418024D00CBC0032D5CC /* Kaktus.app */ = {isa = PBXFileReference; explicitFileType = wrapper.application; includeInIndex = 0; path = Kaktus.app; sourceTree = BUILT_PRODUCTS_DIR; };
		6D57418324D00CBC0032D5CC /* AppDelegate.swift */ = {isa = PBXFileReference; lastKnownFileType = sourcecode.swift; path = AppDelegate.swift; sourceTree = "<group>"; };
		6D57418724D00CBC0032D5CC /* SessionViewController.swift */ = {isa = PBXFileReference; lastKnownFileType = sourcecode.swift; path = SessionViewController.swift; sourceTree = "<group>"; };
		6D57418A24D00CBC0032D5CC /* Base */ = {isa = PBXFileReference; lastKnownFileType = file.storyboard; name = Base; path = Base.lproj/Main.storyboard; sourceTree = "<group>"; };
		6D57418C24D00CBE0032D5CC /* Assets.xcassets */ = {isa = PBXFileReference; lastKnownFileType = folder.assetcatalog; path = Assets.xcassets; sourceTree = "<group>"; };
		6D57418F24D00CBE0032D5CC /* Base */ = {isa = PBXFileReference; lastKnownFileType = file.storyboard; name = Base; path = Base.lproj/LaunchScreen.storyboard; sourceTree = "<group>"; };
		6D57419124D00CBE0032D5CC /* Info.plist */ = {isa = PBXFileReference; lastKnownFileType = text.plist.xml; path = Info.plist; sourceTree = "<group>"; };
		6D57419B24D0927B0032D5CC /* OnboardingViewController.swift */ = {isa = PBXFileReference; lastKnownFileType = sourcecode.swift; path = OnboardingViewController.swift; sourceTree = "<group>"; };
		6D57419D24D0B2330032D5CC /* MakeBreakControllerViewController.swift */ = {isa = PBXFileReference; lastKnownFileType = sourcecode.swift; path = MakeBreakControllerViewController.swift; sourceTree = "<group>"; };
		6D8F9CE324D7E0090072180E /* CactusTabBarController.swift */ = {isa = PBXFileReference; lastKnownFileType = sourcecode.swift; path = CactusTabBarController.swift; sourceTree = "<group>"; };
		6D8F9CE624D7E75A0072180E /* SessionsListViewController.swift */ = {isa = PBXFileReference; lastKnownFileType = sourcecode.swift; path = SessionsListViewController.swift; sourceTree = "<group>"; };
		6D8F9CE824D7E8790072180E /* SessionsStorage.swift */ = {isa = PBXFileReference; lastKnownFileType = sourcecode.swift; path = SessionsStorage.swift; sourceTree = "<group>"; };
		6D8F9CEA24D7FA3D0072180E /* SessionsListTableViewCell.swift */ = {isa = PBXFileReference; lastKnownFileType = sourcecode.swift; path = SessionsListTableViewCell.swift; sourceTree = "<group>"; };
		6D8F9CED24D819310072180E /* LeadersListViewController.swift */ = {isa = PBXFileReference; lastKnownFileType = sourcecode.swift; path = LeadersListViewController.swift; sourceTree = "<group>"; };
		6D8F9CEF24D81BAC0072180E /* LeadersStorage.swift */ = {isa = PBXFileReference; lastKnownFileType = sourcecode.swift; path = LeadersStorage.swift; sourceTree = "<group>"; };
		6D8F9CF224D820840072180E /* Leader.swift */ = {isa = PBXFileReference; lastKnownFileType = sourcecode.swift; path = Leader.swift; sourceTree = "<group>"; };
		6D8F9CF524D83DEB0072180E /* LeadersListTableViewCell.swift */ = {isa = PBXFileReference; lastKnownFileType = sourcecode.swift; path = LeadersListTableViewCell.swift; sourceTree = "<group>"; };
		6DD8397824D1797600EC74D2 /* Session.swift */ = {isa = PBXFileReference; lastKnownFileType = sourcecode.swift; path = Session.swift; sourceTree = "<group>"; };
		6DD8397A24D17A1F00EC74D2 /* SessionManagerDelegate.swift */ = {isa = PBXFileReference; lastKnownFileType = sourcecode.swift; path = SessionManagerDelegate.swift; sourceTree = "<group>"; };
		6DD8397C24D1906000EC74D2 /* CountDownTimer.swift */ = {isa = PBXFileReference; lastKnownFileType = sourcecode.swift; path = CountDownTimer.swift; sourceTree = "<group>"; };
		6DD8398124D1A04300EC74D2 /* Break.swift */ = {isa = PBXFileReference; lastKnownFileType = sourcecode.swift; path = Break.swift; sourceTree = "<group>"; };
		6DD8398524D1A30C00EC74D2 /* BreakManagerDelegate.swift */ = {isa = PBXFileReference; lastKnownFileType = sourcecode.swift; path = BreakManagerDelegate.swift; sourceTree = "<group>"; };
/* End PBXFileReference section */

/* Begin PBXFrameworksBuildPhase section */
		6D57417D24D00CBC0032D5CC /* Frameworks */ = {
			isa = PBXFrameworksBuildPhase;
			buildActionMask = 2147483647;
			files = (
			);
			runOnlyForDeploymentPostprocessing = 0;
		};
/* End PBXFrameworksBuildPhase section */

/* Begin PBXGroup section */
		6D57417724D00CBC0032D5CC = {
			isa = PBXGroup;
			children = (
				6D57418224D00CBC0032D5CC /* Kaktus */,
				6D57418124D00CBC0032D5CC /* Products */,
			);
			sourceTree = "<group>";
		};
		6D57418124D00CBC0032D5CC /* Products */ = {
			isa = PBXGroup;
			children = (
				6D57418024D00CBC0032D5CC /* Kaktus.app */,
			);
			name = Products;
			sourceTree = "<group>";
		};
		6D57418224D00CBC0032D5CC /* Kaktus */ = {
			isa = PBXGroup;
			children = (
				6D8F9CEC24D818D30072180E /* LeadersList */,
				6D8F9CE524D7E7130072180E /* SessionsList */,
				6D8F9CE224D7DF830072180E /* TabBar */,
				6DD8397E24D19D9100EC74D2 /* Break */,
				6DD8397524D1791E00EC74D2 /* Session */,
				6D57418324D00CBC0032D5CC /* AppDelegate.swift */,
				6D57418924D00CBC0032D5CC /* Main.storyboard */,
				6D57418C24D00CBE0032D5CC /* Assets.xcassets */,
				6D57418E24D00CBE0032D5CC /* LaunchScreen.storyboard */,
				6D57419124D00CBE0032D5CC /* Info.plist */,
				6D57419B24D0927B0032D5CC /* OnboardingViewController.swift */,
			);
			path = Kaktus;
			sourceTree = "<group>";
		};
		6D8F9CE224D7DF830072180E /* TabBar */ = {
			isa = PBXGroup;
			children = (
				6D8F9CE324D7E0090072180E /* CactusTabBarController.swift */,
			);
			path = TabBar;
			sourceTree = "<group>";
		};
		6D8F9CE524D7E7130072180E /* SessionsList */ = {
			isa = PBXGroup;
			children = (
				6D8F9CE624D7E75A0072180E /* SessionsListViewController.swift */,
				6D8F9CE824D7E8790072180E /* SessionsStorage.swift */,
				6D8F9CEA24D7FA3D0072180E /* SessionsListTableViewCell.swift */,
			);
			path = SessionsList;
			sourceTree = "<group>";
		};
		6D8F9CEC24D818D30072180E /* LeadersList */ = {
			isa = PBXGroup;
			children = (
				6D8F9CF424D820E90072180E /* ControllerLeaders */,
				6D8F9CF124D820480072180E /* ModelLeaders */,
			);
			path = LeadersList;
			sourceTree = "<group>";
		};
		6D8F9CF124D820480072180E /* ModelLeaders */ = {
			isa = PBXGroup;
			children = (
				6D8F9CEF24D81BAC0072180E /* LeadersStorage.swift */,
				6D8F9CF224D820840072180E /* Leader.swift */,
				6D8F9CF524D83DEB0072180E /* LeadersListTableViewCell.swift */,
			);
			path = ModelLeaders;
			sourceTree = "<group>";
		};
		6D8F9CF424D820E90072180E /* ControllerLeaders */ = {
			isa = PBXGroup;
			children = (
				6D8F9CED24D819310072180E /* LeadersListViewController.swift */,
			);
			path = ControllerLeaders;
			sourceTree = "<group>";
		};
		6DD8397524D1791E00EC74D2 /* Session */ = {
			isa = PBXGroup;
			children = (
				6DD8397724D1793300EC74D2 /* Controller */,
				6DD8397624D1792A00EC74D2 /* Model */,
			);
			path = Session;
			sourceTree = "<group>";
		};
		6DD8397624D1792A00EC74D2 /* Model */ = {
			isa = PBXGroup;
			children = (
				6DD8397824D1797600EC74D2 /* Session.swift */,
				6DD8397A24D17A1F00EC74D2 /* SessionManagerDelegate.swift */,
				6DD8397C24D1906000EC74D2 /* CountDownTimer.swift */,
			);
			path = Model;
			sourceTree = "<group>";
		};
		6DD8397724D1793300EC74D2 /* Controller */ = {
			isa = PBXGroup;
			children = (
				6D57418724D00CBC0032D5CC /* SessionViewController.swift */,
			);
			path = Controller;
			sourceTree = "<group>";
		};
		6DD8397E24D19D9100EC74D2 /* Break */ = {
			isa = PBXGroup;
			children = (
				6DD8398024D19DC100EC74D2 /* BreakModel */,
				6DD8397F24D19D9900EC74D2 /* BreakController */,
			);
			path = Break;
			sourceTree = "<group>";
		};
		6DD8397F24D19D9900EC74D2 /* BreakController */ = {
			isa = PBXGroup;
			children = (
				6D57419D24D0B2330032D5CC /* MakeBreakControllerViewController.swift */,
			);
			path = BreakController;
			sourceTree = "<group>";
		};
		6DD8398024D19DC100EC74D2 /* BreakModel */ = {
			isa = PBXGroup;
			children = (
				6DD8398124D1A04300EC74D2 /* Break.swift */,
				6DD8398524D1A30C00EC74D2 /* BreakManagerDelegate.swift */,
			);
			path = BreakModel;
			sourceTree = "<group>";
		};
/* End PBXGroup section */

/* Begin PBXNativeTarget section */
		6D57417F24D00CBC0032D5CC /* Kaktus */ = {
			isa = PBXNativeTarget;
			buildConfigurationList = 6D57419424D00CBE0032D5CC /* Build configuration list for PBXNativeTarget "Kaktus" */;
			buildPhases = (
				6D57417C24D00CBC0032D5CC /* Sources */,
				6D57417D24D00CBC0032D5CC /* Frameworks */,
				6D57417E24D00CBC0032D5CC /* Resources */,
			);
			buildRules = (
			);
			dependencies = (
			);
			name = Kaktus;
			productName = Kaktus;
			productReference = 6D57418024D00CBC0032D5CC /* Kaktus.app */;
			productType = "com.apple.product-type.application";
		};
/* End PBXNativeTarget section */

/* Begin PBXProject section */
		6D57417824D00CBC0032D5CC /* Project object */ = {
			isa = PBXProject;
			attributes = {
				LastSwiftUpdateCheck = 1150;
				LastUpgradeCheck = 1150;
				ORGANIZATIONNAME = "ablai erzhanov";
				TargetAttributes = {
					6D57417F24D00CBC0032D5CC = {
						CreatedOnToolsVersion = 11.5;
					};
				};
			};
			buildConfigurationList = 6D57417B24D00CBC0032D5CC /* Build configuration list for PBXProject "Kaktus" */;
			compatibilityVersion = "Xcode 9.3";
			developmentRegion = en;
			hasScannedForEncodings = 0;
			knownRegions = (
				en,
				Base,
			);
			mainGroup = 6D57417724D00CBC0032D5CC;
			productRefGroup = 6D57418124D00CBC0032D5CC /* Products */;
			projectDirPath = "";
			projectRoot = "";
			targets = (
				6D57417F24D00CBC0032D5CC /* Kaktus */,
			);
		};
/* End PBXProject section */

/* Begin PBXResourcesBuildPhase section */
		6D57417E24D00CBC0032D5CC /* Resources */ = {
			isa = PBXResourcesBuildPhase;
			buildActionMask = 2147483647;
			files = (
				6D57419024D00CBE0032D5CC /* LaunchScreen.storyboard in Resources */,
				6D57418D24D00CBE0032D5CC /* Assets.xcassets in Resources */,
				6D57418B24D00CBC0032D5CC /* Main.storyboard in Resources */,
			);
			runOnlyForDeploymentPostprocessing = 0;
		};
/* End PBXResourcesBuildPhase section */

/* Begin PBXSourcesBuildPhase section */
		6D57417C24D00CBC0032D5CC /* Sources */ = {
			isa = PBXSourcesBuildPhase;
			buildActionMask = 2147483647;
			files = (
				6D8F9CF024D81BAC0072180E /* LeadersStorage.swift in Sources */,
				6D8F9CE724D7E75A0072180E /* SessionsListViewController.swift in Sources */,
				6DD8397924D1797600EC74D2 /* Session.swift in Sources */,
				6DD8397D24D1906000EC74D2 /* CountDownTimer.swift in Sources */,
				6D8F9CF324D820840072180E /* Leader.swift in Sources */,
				6D8F9CF624D83DEB0072180E /* LeadersListTableViewCell.swift in Sources */,
				6D8F9CEE24D819310072180E /* LeadersListViewController.swift in Sources */,
				6DD8397B24D17A1F00EC74D2 /* SessionManagerDelegate.swift in Sources */,
				6DD8398224D1A04300EC74D2 /* Break.swift in Sources */,
				6D8F9CE424D7E0090072180E /* CactusTabBarController.swift in Sources */,
				6D57419E24D0B2330032D5CC /* MakeBreakControllerViewController.swift in Sources */,
				6D57418824D00CBC0032D5CC /* SessionViewController.swift in Sources */,
				6D8F9CE924D7E8790072180E /* SessionsStorage.swift in Sources */,
				6D57419C24D0927B0032D5CC /* OnboardingViewController.swift in Sources */,
				6DD8398624D1A30C00EC74D2 /* BreakManagerDelegate.swift in Sources */,
				6D57418424D00CBC0032D5CC /* AppDelegate.swift in Sources */,
				6D8F9CEB24D7FA3D0072180E /* SessionsListTableViewCell.swift in Sources */,
			);
			runOnlyForDeploymentPostprocessing = 0;
		};
/* End PBXSourcesBuildPhase section */

/* Begin PBXVariantGroup section */
		6D57418924D00CBC0032D5CC /* Main.storyboard */ = {
			isa = PBXVariantGroup;
			children = (
				6D57418A24D00CBC0032D5CC /* Base */,
			);
			name = Main.storyboard;
			sourceTree = "<group>";
		};
		6D57418E24D00CBE0032D5CC /* LaunchScreen.storyboard */ = {
			isa = PBXVariantGroup;
			children = (
				6D57418F24D00CBE0032D5CC /* Base */,
			);
			name = LaunchScreen.storyboard;
			sourceTree = "<group>";
		};
/* End PBXVariantGroup section */

/* Begin XCBuildConfiguration section */
		6D57419224D00CBE0032D5CC /* Debug */ = {
			isa = XCBuildConfiguration;
			buildSettings = {
				ALWAYS_SEARCH_USER_PATHS = NO;
				CLANG_ANALYZER_NONNULL = YES;
				CLANG_ANALYZER_NUMBER_OBJECT_CONVERSION = YES_AGGRESSIVE;
				CLANG_CXX_LANGUAGE_STANDARD = "gnu++14";
				CLANG_CXX_LIBRARY = "libc++";
				CLANG_ENABLE_MODULES = YES;
				CLANG_ENABLE_OBJC_ARC = YES;
				CLANG_ENABLE_OBJC_WEAK = YES;
				CLANG_WARN_BLOCK_CAPTURE_AUTORELEASING = YES;
				CLANG_WARN_BOOL_CONVERSION = YES;
				CLANG_WARN_COMMA = YES;
				CLANG_WARN_CONSTANT_CONVERSION = YES;
				CLANG_WARN_DEPRECATED_OBJC_IMPLEMENTATIONS = YES;
				CLANG_WARN_DIRECT_OBJC_ISA_USAGE = YES_ERROR;
				CLANG_WARN_DOCUMENTATION_COMMENTS = YES;
				CLANG_WARN_EMPTY_BODY = YES;
				CLANG_WARN_ENUM_CONVERSION = YES;
				CLANG_WARN_INFINITE_RECURSION = YES;
				CLANG_WARN_INT_CONVERSION = YES;
				CLANG_WARN_NON_LITERAL_NULL_CONVERSION = YES;
				CLANG_WARN_OBJC_IMPLICIT_RETAIN_SELF = YES;
				CLANG_WARN_OBJC_LITERAL_CONVERSION = YES;
				CLANG_WARN_OBJC_ROOT_CLASS = YES_ERROR;
				CLANG_WARN_RANGE_LOOP_ANALYSIS = YES;
				CLANG_WARN_STRICT_PROTOTYPES = YES;
				CLANG_WARN_SUSPICIOUS_MOVE = YES;
				CLANG_WARN_UNGUARDED_AVAILABILITY = YES_AGGRESSIVE;
				CLANG_WARN_UNREACHABLE_CODE = YES;
				CLANG_WARN__DUPLICATE_METHOD_MATCH = YES;
				COPY_PHASE_STRIP = NO;
				DEBUG_INFORMATION_FORMAT = dwarf;
				ENABLE_STRICT_OBJC_MSGSEND = YES;
				ENABLE_TESTABILITY = YES;
				GCC_C_LANGUAGE_STANDARD = gnu11;
				GCC_DYNAMIC_NO_PIC = NO;
				GCC_NO_COMMON_BLOCKS = YES;
				GCC_OPTIMIZATION_LEVEL = 0;
				GCC_PREPROCESSOR_DEFINITIONS = (
					"DEBUG=1",
					"$(inherited)",
				);
				GCC_WARN_64_TO_32_BIT_CONVERSION = YES;
				GCC_WARN_ABOUT_RETURN_TYPE = YES_ERROR;
				GCC_WARN_UNDECLARED_SELECTOR = YES;
				GCC_WARN_UNINITIALIZED_AUTOS = YES_AGGRESSIVE;
				GCC_WARN_UNUSED_FUNCTION = YES;
				GCC_WARN_UNUSED_VARIABLE = YES;
				IPHONEOS_DEPLOYMENT_TARGET = 13.5;
				MTL_ENABLE_DEBUG_INFO = INCLUDE_SOURCE;
				MTL_FAST_MATH = YES;
				ONLY_ACTIVE_ARCH = YES;
				SDKROOT = iphoneos;
				SWIFT_ACTIVE_COMPILATION_CONDITIONS = DEBUG;
				SWIFT_OPTIMIZATION_LEVEL = "-Onone";
			};
			name = Debug;
		};
		6D57419324D00CBE0032D5CC /* Release */ = {
			isa = XCBuildConfiguration;
			buildSettings = {
				ALWAYS_SEARCH_USER_PATHS = NO;
				CLANG_ANALYZER_NONNULL = YES;
				CLANG_ANALYZER_NUMBER_OBJECT_CONVERSION = YES_AGGRESSIVE;
				CLANG_CXX_LANGUAGE_STANDARD = "gnu++14";
				CLANG_CXX_LIBRARY = "libc++";
				CLANG_ENABLE_MODULES = YES;
				CLANG_ENABLE_OBJC_ARC = YES;
				CLANG_ENABLE_OBJC_WEAK = YES;
				CLANG_WARN_BLOCK_CAPTURE_AUTORELEASING = YES;
				CLANG_WARN_BOOL_CONVERSION = YES;
				CLANG_WARN_COMMA = YES;
				CLANG_WARN_CONSTANT_CONVERSION = YES;
				CLANG_WARN_DEPRECATED_OBJC_IMPLEMENTATIONS = YES;
				CLANG_WARN_DIRECT_OBJC_ISA_USAGE = YES_ERROR;
				CLANG_WARN_DOCUMENTATION_COMMENTS = YES;
				CLANG_WARN_EMPTY_BODY = YES;
				CLANG_WARN_ENUM_CONVERSION = YES;
				CLANG_WARN_INFINITE_RECURSION = YES;
				CLANG_WARN_INT_CONVERSION = YES;
				CLANG_WARN_NON_LITERAL_NULL_CONVERSION = YES;
				CLANG_WARN_OBJC_IMPLICIT_RETAIN_SELF = YES;
				CLANG_WARN_OBJC_LITERAL_CONVERSION = YES;
				CLANG_WARN_OBJC_ROOT_CLASS = YES_ERROR;
				CLANG_WARN_RANGE_LOOP_ANALYSIS = YES;
				CLANG_WARN_STRICT_PROTOTYPES = YES;
				CLANG_WARN_SUSPICIOUS_MOVE = YES;
				CLANG_WARN_UNGUARDED_AVAILABILITY = YES_AGGRESSIVE;
				CLANG_WARN_UNREACHABLE_CODE = YES;
				CLANG_WARN__DUPLICATE_METHOD_MATCH = YES;
				COPY_PHASE_STRIP = NO;
				DEBUG_INFORMATION_FORMAT = "dwarf-with-dsym";
				ENABLE_NS_ASSERTIONS = NO;
				ENABLE_STRICT_OBJC_MSGSEND = YES;
				GCC_C_LANGUAGE_STANDARD = gnu11;
				GCC_NO_COMMON_BLOCKS = YES;
				GCC_WARN_64_TO_32_BIT_CONVERSION = YES;
				GCC_WARN_ABOUT_RETURN_TYPE = YES_ERROR;
				GCC_WARN_UNDECLARED_SELECTOR = YES;
				GCC_WARN_UNINITIALIZED_AUTOS = YES_AGGRESSIVE;
				GCC_WARN_UNUSED_FUNCTION = YES;
				GCC_WARN_UNUSED_VARIABLE = YES;
				IPHONEOS_DEPLOYMENT_TARGET = 13.5;
				MTL_ENABLE_DEBUG_INFO = NO;
				MTL_FAST_MATH = YES;
				SDKROOT = iphoneos;
				SWIFT_COMPILATION_MODE = wholemodule;
				SWIFT_OPTIMIZATION_LEVEL = "-O";
				VALIDATE_PRODUCT = YES;
			};
			name = Release;
		};
		6D57419524D00CBE0032D5CC /* Debug */ = {
			isa = XCBuildConfiguration;
			buildSettings = {
				ASSETCATALOG_COMPILER_APPICON_NAME = AppIcon;
				CODE_SIGN_STYLE = Automatic;
				INFOPLIST_FILE = Kaktus/Info.plist;
				LD_RUNPATH_SEARCH_PATHS = (
					"$(inherited)",
					"@executable_path/Frameworks",
				);
				PRODUCT_BUNDLE_IDENTIFIER = AbylayYerzhanov.Kaktus;
				PRODUCT_NAME = "$(TARGET_NAME)";
				SWIFT_VERSION = 5.0;
				TARGETED_DEVICE_FAMILY = "1,2";
			};
			name = Debug;
		};
		6D57419624D00CBE0032D5CC /* Release */ = {
			isa = XCBuildConfiguration;
			buildSettings = {
				ASSETCATALOG_COMPILER_APPICON_NAME = AppIcon;
				CODE_SIGN_STYLE = Automatic;
				INFOPLIST_FILE = Kaktus/Info.plist;
				LD_RUNPATH_SEARCH_PATHS = (
					"$(inherited)",
					"@executable_path/Frameworks",
				);
				PRODUCT_BUNDLE_IDENTIFIER = AbylayYerzhanov.Kaktus;
				PRODUCT_NAME = "$(TARGET_NAME)";
				SWIFT_VERSION = 5.0;
				TARGETED_DEVICE_FAMILY = "1,2";
			};
			name = Release;
		};
/* End XCBuildConfiguration section */

/* Begin XCConfigurationList section */
		6D57417B24D00CBC0032D5CC /* Build configuration list for PBXProject "Kaktus" */ = {
			isa = XCConfigurationList;
			buildConfigurations = (
				6D57419224D00CBE0032D5CC /* Debug */,
				6D57419324D00CBE0032D5CC /* Release */,
			);
			defaultConfigurationIsVisible = 0;
			defaultConfigurationName = Release;
		};
		6D57419424D00CBE0032D5CC /* Build configuration list for PBXNativeTarget "Kaktus" */ = {
			isa = XCConfigurationList;
			buildConfigurations = (
				6D57419524D00CBE0032D5CC /* Debug */,
				6D57419624D00CBE0032D5CC /* Release */,
			);
			defaultConfigurationIsVisible = 0;
			defaultConfigurationName = Release;
		};
/* End XCConfigurationList section */
	};
	rootObject = 6D57417824D00CBC0032D5CC /* Project object */;
}
